
Microsoft Visual Studio Solution File, Format Version 12.00
# Visual Studio Version 16
VisualStudioVersion = 16.0.31424.327
MinimumVisualStudioVersion = 10.0.40219.1
Project("{FAE04EC0-301F-11D3-BF4B-00C04F79EFBC}") = "ERMSAPI", "ERMSAPI\ERMSAPI.csproj", "{23DD53E3-0AB1-4323-8C30-7530154ADB0A}"
EndProject
Global
	GlobalSection(SolutionConfigurationPlatforms) = preSolution
		Debug|Any CPU = Debug|Any CPU
		Release|Any CPU = Release|Any CPU
	EndGlobalSection
	GlobalSection(ProjectConfigurationPlatforms) = postSolution
		{23DD53E3-0AB1-4323-8C30-7530154ADB0A}.Debug|Any CPU.ActiveCfg = Debug|Any CPU
		{23DD53E3-0AB1-4323-8C30-7530154ADB0A}.Debug|Any CPU.Build.0 = Debug|Any CPU
		{23DD53E3-0AB1-4323-8C30-7530154ADB0A}.Release|Any CPU.ActiveCfg = Release|Any CPU
		{23DD53E3-0AB1-4323-8C30-7530154ADB0A}.Release|Any CPU.Build.0 = Release|Any CPU
	EndGlobalSection
	GlobalSection(SolutionProperties) = preSolution
		HideSolutionNode = FALSE
	EndGlobalSection
	GlobalSection(ExtensibilityGlobals) = postSolution
		SolutionGuid = {A0C77D65-250F-4306-B5D4-E6C4C67DE953}
	EndGlobalSection
EndGlobal
